# This file is autogenerated, do not edit; changes may be undone by the next 'dep ensure'.


[[projects]]
  digest = "1:2cd7915ab26ede7d95b8749e6b1f933f1c6d5398030684e6505940a10f31cfda"
  name = "github.com/ghodss/yaml"
  packages = ["."]
  pruneopts = "UT"
  revision = "0ca9ea5df5451ffdf184b4428c902747c2c11cd7"
  version = "v1.0.0"

[[projects]]
  digest = "1:c6b3d972f3760be495e79458f76ed1f867924d1cd9c35e6c016552e64192ccb7"
  name = "github.com/gogo/protobuf"
  packages = [
    "gogoproto",
    "proto",
    "protoc-gen-gogo/descriptor",
    "sortkeys",
  ]
  pruneopts = "UT"
  revision = "07eab6a8298cf32fac45cceaac59424f98421bbc"

[[projects]]
  branch = "master"
  digest = "1:1ba1d79f2810270045c328ae5d674321db34e3aae468eb4233883b473c5c0467"
  name = "github.com/golang/glog"
  packages = ["."]
  pruneopts = "UT"
  revision = "23def4e6c14b4da8ac2ed8007337bc5eb5007998"

[[projects]]
  digest = "1:318f1c959a8a740366fce4b1e1eb2fd914036b4af58fbd0a003349b305f118ad"
  name = "github.com/golang/protobuf"
  packages = ["proto"]
  pruneopts = "UT"
  revision = "1d3f30b51784bec5aad268e59fd3c2fc1c2fe73f"

[[projects]]
  digest = "1:ee4d4af67d93cc7644157882329023ce9a7bcfce956a079069a9405521c7cc8d"
  name = "github.com/opencontainers/go-digest"
  packages = ["."]
  pruneopts = "UT"
  revision = "279bed98673dd5bef374d3b6e4b09e2af76183bf"
  version = "v1.0.0-rc1"

[[projects]]
  digest = "1:0028cb19b2e4c3112225cd871870f2d9cf49b9b4276531f03438a88e94be86fe"
  name = "github.com/pmezard/go-difflib"
  packages = ["difflib"]
  pruneopts = "UT"
  revision = "792786c7400a136282c1664665ae0a8db921c6c2"
  version = "v1.0.0"

[[projects]]
  digest = "1:7a2e3d6819e7a97a877f8604e737901c6941e76d56ae98a51a1ca2f13de351fb"
  name = "golang.org/x/net"
  packages = [
    "context",
    "http/httpguts",
    "http2",
    "http2/hpack",
    "idna",
    "internal/timeseries",
    "trace",
  ]
  pruneopts = "UT"
  revision = "351d144fa1fc0bd934e2408202be0c29f25e35a0"

[[projects]]
  digest = "1:698a3249bb7cfc1fd3cd012b1f68ea038f97ae285655a4aad00cf4e9fba687f0"
  name = "golang.org/x/text"
  packages = [
    "collate",
    "collate/build",
    "internal/colltab",
    "internal/gen",
    "internal/language",
    "internal/language/compact",
    "internal/tag",
    "internal/triegen",
    "internal/ucd",
    "language",
    "secure/bidirule",
    "transform",
    "unicode/bidi",
    "unicode/cldr",
    "unicode/norm",
    "unicode/rangetable",
  ]
  pruneopts = "UT"
  revision = "6f44c5a2ea40ee3593d98cdcc905cc1fdaa660e2"

[[projects]]
  digest = "1:6009479b58676271e2b1775f921eec20a784943972f55c6b0b02682f3d9e5034"
  name = "google.golang.org/grpc"
  packages = [
    ".",
    "codes",
    "credentials",
    "grpclog",
    "internal",
    "metadata",
    "naming",
    "peer",
    "transport",
  ]
  pruneopts = "UT"
  revision = "777daa17ff9b5daef1cfdf915088a2ada3332bf0"
  version = "v1.0.4"

[[projects]]
  digest = "1:4d2e5a73dc1500038e504a8d78b986630e3626dc027bc030ba5c75da257cdb96"
  name = "gopkg.in/yaml.v2"
  packages = ["."]
  pruneopts = "UT"
  revision = "51d6538a90f86fe93ac480b35f37b2be17fef232"
  version = "v2.2.2"

[[projects]]
  digest = "1:70fa9aaf47ace0bcf39b1ec0afc0bbf1ceca461959a4ad454539a524d0948c84"
  name = "k8s.io/apimachinery"
  packages = [
    "pkg/conversion",
    "pkg/conversion/queryparams",
    "pkg/runtime",
    "pkg/runtime/schema",
    "pkg/util/errors",
    "pkg/util/json",
    "pkg/util/net",
    "pkg/util/runtime",
    "pkg/util/sets",
    "third_party/forked/golang/reflect",
  ]
  pruneopts = "UT"
  revision = "19e3f5aa3adca672c153d324e6b7d82ff8935f03"
  version = "kubernetes-1.9.3"

[solve-meta]
  analyzer-name = "dep"
  analyzer-version = 1
  input-imports = [
    "github.com/ghodss/yaml",
    "github.com/gogo/protobuf/gogoproto",
    "github.com/gogo/protobuf/proto",
    "github.com/gogo/protobuf/sortkeys",
    "github.com/golang/glog",
    "github.com/opencontainers/go-digest",
    "github.com/pmezard/go-difflib/difflib",
    "golang.org/x/net/context",
    "google.golang.org/grpc",
    "google.golang.org/grpc/codes",
    "k8s.io/apimachinery/pkg/conversion",
    "k8s.io/apimachinery/pkg/runtime",
    "k8s.io/apimachinery/pkg/util/net",
  ]
  solver-name = "gps-cdcl"
  solver-version = 1
